// !$*UTF8*$!
{
	archiveVersion = 1;
	classes = {
	};
	objectVersion = 56;
	objects = {

/* Begin PBXBuildFile section */
		1311236B2C8D4B9E0081362D /* todotutorialApp.swift in Sources */ = {isa = PBXBuildFile; fileRef = 1311236A2C8D4B9E0081362D /* todotutorialApp.swift */; };
		1311236D2C8D4B9E0081362D /* ContentView.swift in Sources */ = {isa = PBXBuildFile; fileRef = 1311236C2C8D4B9E0081362D /* ContentView.swift */; };
		1311236F2C8D4B9E0081362D /* Item.swift in Sources */ = {isa = PBXBuildFile; fileRef = 1311236E2C8D4B9E0081362D /* Item.swift */; };
		131123712C8D4BA00081362D /* Assets.xcassets in Resources */ = {isa = PBXBuildFile; fileRef = 131123702C8D4BA00081362D /* Assets.xcassets */; };
		131123742C8D4BA00081362D /* Preview Assets.xcassets in Resources */ = {isa = PBXBuildFile; fileRef = 131123732C8D4BA00081362D /* Preview Assets.xcassets */; };
		1311237E2C8D4BA00081362D /* todotutorialTests.swift in Sources */ = {isa = PBXBuildFile; fileRef = 1311237D2C8D4BA00081362D /* todotutorialTests.swift */; };
		131123882C8D4BA00081362D /* todotutorialUITests.swift in Sources */ = {isa = PBXBuildFile; fileRef = 131123872C8D4BA00081362D /* todotutorialUITests.swift */; };
		1311238A2C8D4BA00081362D /* todotutorialUITestsLaunchTests.swift in Sources */ = {isa = PBXBuildFile; fileRef = 131123892C8D4BA00081362D /* todotutorialUITestsLaunchTests.swift */; };
		13344E972C9A783E009298AB /* StandardAppButton.swift in Sources */ = {isa = PBXBuildFile; fileRef = 13344E962C9A783E009298AB /* StandardAppButton.swift */; };
		13344E9A2C9FC8FD009298AB /* utils.swift in Sources */ = {isa = PBXBuildFile; fileRef = 13344E992C9FC8FD009298AB /* utils.swift */; };
		13344E9D2CA07DB2009298AB /* NetworkManager.swift in Sources */ = {isa = PBXBuildFile; fileRef = 13344E9C2CA07DB2009298AB /* NetworkManager.swift */; };
		13344E9F2CA07FE6009298AB /* DataViewModel.swift in Sources */ = {isa = PBXBuildFile; fileRef = 13344E9E2CA07FE6009298AB /* DataViewModel.swift */; };
		13344EA12CA08EF4009298AB /* GlobalConstants.swift in Sources */ = {isa = PBXBuildFile; fileRef = 13344EA02CA08EF4009298AB /* GlobalConstants.swift */; };
		13344EA32CA0AA88009298AB /* SingleApiResponse.swift in Sources */ = {isa = PBXBuildFile; fileRef = 13344EA22CA0AA88009298AB /* SingleApiResponse.swift */; };
		13344EA52CA0AB0F009298AB /* SigleWeatherApiDTO.swift in Sources */ = {isa = PBXBuildFile; fileRef = 13344EA42CA0AB0F009298AB /* SigleWeatherApiDTO.swift */; };
		13C087C62C8D59360086A7E7 /* GoogleService-Info.plist in Resources */ = {isa = PBXBuildFile; fileRef = 13C087C52C8D59360086A7E7 /* GoogleService-Info.plist */; };
/* End PBXBuildFile section */

/* Begin PBXContainerItemProxy section */
		1311237A2C8D4BA00081362D /* PBXContainerItemProxy */ = {
			isa = PBXContainerItemProxy;
			containerPortal = 1311235F2C8D4B9E0081362D /* Project object */;
			proxyType = 1;
			remoteGlobalIDString = 131123662C8D4B9E0081362D;
			remoteInfo = todotutorial;
		};
		131123842C8D4BA00081362D /* PBXContainerItemProxy */ = {
			isa = PBXContainerItemProxy;
			containerPortal = 1311235F2C8D4B9E0081362D /* Project object */;
			proxyType = 1;
			remoteGlobalIDString = 131123662C8D4B9E0081362D;
			remoteInfo = todotutorial;
		};
/* End PBXContainerItemProxy section */

/* Begin PBXFileReference section */
		131123672C8D4B9E0081362D /* todotutorial.app */ = {isa = PBXFileReference; explicitFileType = wrapper.application; includeInIndex = 0; path = todotutorial.app; sourceTree = BUILT_PRODUCTS_DIR; };
		1311236A2C8D4B9E0081362D /* todotutorialApp.swift */ = {isa = PBXFileReference; lastKnownFileType = sourcecode.swift; path = todotutorialApp.swift; sourceTree = "<group>"; };
		1311236C2C8D4B9E0081362D /* ContentView.swift */ = {isa = PBXFileReference; lastKnownFileType = sourcecode.swift; path = ContentView.swift; sourceTree = "<group>"; };
		1311236E2C8D4B9E0081362D /* Item.swift */ = {isa = PBXFileReference; lastKnownFileType = sourcecode.swift; path = Item.swift; sourceTree = "<group>"; };
		131123702C8D4BA00081362D /* Assets.xcassets */ = {isa = PBXFileReference; lastKnownFileType = folder.assetcatalog; path = Assets.xcassets; sourceTree = "<group>"; };
		131123732C8D4BA00081362D /* Preview Assets.xcassets */ = {isa = PBXFileReference; lastKnownFileType = folder.assetcatalog; path = "Preview Assets.xcassets"; sourceTree = "<group>"; };
		131123792C8D4BA00081362D /* todotutorialTests.xctest */ = {isa = PBXFileReference; explicitFileType = wrapper.cfbundle; includeInIndex = 0; path = todotutorialTests.xctest; sourceTree = BUILT_PRODUCTS_DIR; };
		1311237D2C8D4BA00081362D /* todotutorialTests.swift */ = {isa = PBXFileReference; lastKnownFileType = sourcecode.swift; path = todotutorialTests.swift; sourceTree = "<group>"; };
		131123832C8D4BA00081362D /* todotutorialUITests.xctest */ = {isa = PBXFileReference; explicitFileType = wrapper.cfbundle; includeInIndex = 0; path = todotutorialUITests.xctest; sourceTree = BUILT_PRODUCTS_DIR; };
		131123872C8D4BA00081362D /* todotutorialUITests.swift */ = {isa = PBXFileReference; lastKnownFileType = sourcecode.swift; path = todotutorialUITests.swift; sourceTree = "<group>"; };
		131123892C8D4BA00081362D /* todotutorialUITestsLaunchTests.swift */ = {isa = PBXFileReference; lastKnownFileType = sourcecode.swift; path = todotutorialUITestsLaunchTests.swift; sourceTree = "<group>"; };
		13344E962C9A783E009298AB /* StandardAppButton.swift */ = {isa = PBXFileReference; lastKnownFileType = sourcecode.swift; path = StandardAppButton.swift; sourceTree = "<group>"; };
		13344E992C9FC8FD009298AB /* utils.swift */ = {isa = PBXFileReference; lastKnownFileType = sourcecode.swift; path = utils.swift; sourceTree = "<group>"; };
		13344E9C2CA07DB2009298AB /* NetworkManager.swift */ = {isa = PBXFileReference; lastKnownFileType = sourcecode.swift; path = NetworkManager.swift; sourceTree = "<group>"; };
		13344E9E2CA07FE6009298AB /* DataViewModel.swift */ = {isa = PBXFileReference; lastKnownFileType = sourcecode.swift; path = DataViewModel.swift; sourceTree = "<group>"; };
		13344EA02CA08EF4009298AB /* GlobalConstants.swift */ = {isa = PBXFileReference; lastKnownFileType = sourcecode.swift; path = GlobalConstants.swift; sourceTree = "<group>"; };
		13344EA22CA0AA88009298AB /* SingleApiResponse.swift */ = {isa = PBXFileReference; lastKnownFileType = sourcecode.swift; path = SingleApiResponse.swift; sourceTree = "<group>"; };
		13344EA42CA0AB0F009298AB /* SigleWeatherApiDTO.swift */ = {isa = PBXFileReference; lastKnownFileType = sourcecode.swift; path = SigleWeatherApiDTO.swift; sourceTree = "<group>"; };
		13C087C52C8D59360086A7E7 /* GoogleService-Info.plist */ = {isa = PBXFileReference; fileEncoding = 4; lastKnownFileType = text.plist.xml; path = "GoogleService-Info.plist"; sourceTree = "<group>"; };
/* End PBXFileReference section */

/* Begin PBXFrameworksBuildPhase section */
		131123642C8D4B9E0081362D /* Frameworks */ = {
			isa = PBXFrameworksBuildPhase;
			buildActionMask = 2147483647;
			files = (
			);
			runOnlyForDeploymentPostprocessing = 0;
		};
		131123762C8D4BA00081362D /* Frameworks */ = {
			isa = PBXFrameworksBuildPhase;
			buildActionMask = 2147483647;
			files = (
			);
			runOnlyForDeploymentPostprocessing = 0;
		};
		131123802C8D4BA00081362D /* Frameworks */ = {
			isa = PBXFrameworksBuildPhase;
			buildActionMask = 2147483647;
			files = (
			);
			runOnlyForDeploymentPostprocessing = 0;
		};
/* End PBXFrameworksBuildPhase section */

/* Begin PBXGroup section */
		1311235E2C8D4B9E0081362D = {
			isa = PBXGroup;
			children = (
				131123692C8D4B9E0081362D /* todotutorial */,
				1311237C2C8D4BA00081362D /* todotutorialTests */,
				131123862C8D4BA00081362D /* todotutorialUITests */,
				131123682C8D4B9E0081362D /* Products */,
			);
			sourceTree = "<group>";
		};
		131123682C8D4B9E0081362D /* Products */ = {
			isa = PBXGroup;
			children = (
				131123672C8D4B9E0081362D /* todotutorial.app */,
				131123792C8D4BA00081362D /* todotutorialTests.xctest */,
				131123832C8D4BA00081362D /* todotutorialUITests.xctest */,
			);
			name = Products;
			sourceTree = "<group>";
		};
		131123692C8D4B9E0081362D /* todotutorial */ = {
			isa = PBXGroup;
			children = (
				13C087C52C8D59360086A7E7 /* GoogleService-Info.plist */,
				1311236A2C8D4B9E0081362D /* todotutorialApp.swift */,
				1311236C2C8D4B9E0081362D /* ContentView.swift */,
				1311236E2C8D4B9E0081362D /* Item.swift */,
				131123702C8D4BA00081362D /* Assets.xcassets */,
				131123722C8D4BA00081362D /* Preview Content */,
				13344E962C9A783E009298AB /* StandardAppButton.swift */,
				13344E992C9FC8FD009298AB /* utils.swift */,
				13344E9C2CA07DB2009298AB /* NetworkManager.swift */,
				13344E9E2CA07FE6009298AB /* DataViewModel.swift */,
				13344EA02CA08EF4009298AB /* GlobalConstants.swift */,
				13344EA22CA0AA88009298AB /* SingleApiResponse.swift */,
				13344EA42CA0AB0F009298AB /* SigleWeatherApiDTO.swift */,
			);
			path = todotutorial;
			sourceTree = "<group>";
		};
		131123722C8D4BA00081362D /* Preview Content */ = {
			isa = PBXGroup;
			children = (
				131123732C8D4BA00081362D /* Preview Assets.xcassets */,
			);
			path = "Preview Content";
			sourceTree = "<group>";
		};
		1311237C2C8D4BA00081362D /* todotutorialTests */ = {
			isa = PBXGroup;
			children = (
				1311237D2C8D4BA00081362D /* todotutorialTests.swift */,
			);
			path = todotutorialTests;
			sourceTree = "<group>";
		};
		131123862C8D4BA00081362D /* todotutorialUITests */ = {
			isa = PBXGroup;
			children = (
				131123872C8D4BA00081362D /* todotutorialUITests.swift */,
				131123892C8D4BA00081362D /* todotutorialUITestsLaunchTests.swift */,
			);
			path = todotutorialUITests;
			sourceTree = "<group>";
		};
/* End PBXGroup section */

/* Begin PBXNativeTarget section */
		131123662C8D4B9E0081362D /* todotutorial */ = {
			isa = PBXNativeTarget;
			buildConfigurationList = 1311238D2C8D4BA00081362D /* Build configuration list for PBXNativeTarget "todotutorial" */;
			buildPhases = (
				131123632C8D4B9E0081362D /* Sources */,
				131123642C8D4B9E0081362D /* Frameworks */,
				131123652C8D4B9E0081362D /* Resources */,
			);
			buildRules = (
			);
			dependencies = (
			);
			name = todotutorial;
			productName = todotutorial;
			productReference = 131123672C8D4B9E0081362D /* todotutorial.app */;
			productType = "com.apple.product-type.application";
		};
		131123782C8D4BA00081362D /* todotutorialTests */ = {
			isa = PBXNativeTarget;
			buildConfigurationList = 131123902C8D4BA00081362D /* Build configuration list for PBXNativeTarget "todotutorialTests" */;
			buildPhases = (
				131123752C8D4BA00081362D /* Sources */,
				131123762C8D4BA00081362D /* Frameworks */,
				131123772C8D4BA00081362D /* Resources */,
			);
			buildRules = (
			);
			dependencies = (
				1311237B2C8D4BA00081362D /* PBXTargetDependency */,
			);
			name = todotutorialTests;
			productName = todotutorialTests;
			productReference = 131123792C8D4BA00081362D /* todotutorialTests.xctest */;
			productType = "com.apple.product-type.bundle.unit-test";
		};
		131123822C8D4BA00081362D /* todotutorialUITests */ = {
			isa = PBXNativeTarget;
			buildConfigurationList = 131123932C8D4BA00081362D /* Build configuration list for PBXNativeTarget "todotutorialUITests" */;
			buildPhases = (
				1311237F2C8D4BA00081362D /* Sources */,
				131123802C8D4BA00081362D /* Frameworks */,
				131123812C8D4BA00081362D /* Resources */,
			);
			buildRules = (
			);
			dependencies = (
				131123852C8D4BA00081362D /* PBXTargetDependency */,
			);
			name = todotutorialUITests;
			productName = todotutorialUITests;
			productReference = 131123832C8D4BA00081362D /* todotutorialUITests.xctest */;
			productType = "com.apple.product-type.bundle.ui-testing";
		};
/* End PBXNativeTarget section */

/* Begin PBXProject section */
		1311235F2C8D4B9E0081362D /* Project object */ = {
			isa = PBXProject;
			attributes = {
				BuildIndependentTargetsInParallel = 1;
				LastSwiftUpdateCheck = 1500;
				LastUpgradeCheck = 1500;
				TargetAttributes = {
					131123662C8D4B9E0081362D = {
						CreatedOnToolsVersion = 15.0;
					};
					131123782C8D4BA00081362D = {
						CreatedOnToolsVersion = 15.0;
						TestTargetID = 131123662C8D4B9E0081362D;
					};
					131123822C8D4BA00081362D = {
						CreatedOnToolsVersion = 15.0;
						TestTargetID = 131123662C8D4B9E0081362D;
					};
				};
			};
			buildConfigurationList = 131123622C8D4B9E0081362D /* Build configuration list for PBXProject "todotutorial" */;
			compatibilityVersion = "Xcode 14.0";
			developmentRegion = en;
			hasScannedForEncodings = 0;
			knownRegions = (
				en,
				Base,
			);
			mainGroup = 1311235E2C8D4B9E0081362D;
			packageReferences = (
				13C087C72C8D5A910086A7E7 /* XCRemoteSwiftPackageReference "firebase-ios-sdk" */,
			);
			productRefGroup = 131123682C8D4B9E0081362D /* Products */;
			projectDirPath = "";
			projectRoot = "";
			targets = (
				131123662C8D4B9E0081362D /* todotutorial */,
				131123782C8D4BA00081362D /* todotutorialTests */,
				131123822C8D4BA00081362D /* todotutorialUITests */,
			);
		};
/* End PBXProject section */

/* Begin PBXResourcesBuildPhase section */
		131123652C8D4B9E0081362D /* Resources */ = {
			isa = PBXResourcesBuildPhase;
			buildActionMask = 2147483647;
			files = (
				131123742C8D4BA00081362D /* Preview Assets.xcassets in Resources */,
				131123712C8D4BA00081362D /* Assets.xcassets in Resources */,
				13C087C62C8D59360086A7E7 /* GoogleService-Info.plist in Resources */,
			);
			runOnlyForDeploymentPostprocessing = 0;
		};
		131123772C8D4BA00081362D /* Resources */ = {
			isa = PBXResourcesBuildPhase;
			buildActionMask = 2147483647;
			files = (
			);
			runOnlyForDeploymentPostprocessing = 0;
		};
		131123812C8D4BA00081362D /* Resources */ = {
			isa = PBXResourcesBuildPhase;
			buildActionMask = 2147483647;
			files = (
			);
			runOnlyForDeploymentPostprocessing = 0;
		};
/* End PBXResourcesBuildPhase section */

/* Begin PBXSourcesBuildPhase section */
		131123632C8D4B9E0081362D /* Sources */ = {
			isa = PBXSourcesBuildPhase;
			buildActionMask = 2147483647;
			files = (
				13344E9A2C9FC8FD009298AB /* utils.swift in Sources */,
				13344E972C9A783E009298AB /* StandardAppButton.swift in Sources */,
				1311236D2C8D4B9E0081362D /* ContentView.swift in Sources */,
				1311236F2C8D4B9E0081362D /* Item.swift in Sources */,
				13344E9D2CA07DB2009298AB /* NetworkManager.swift in Sources */,
				13344E9F2CA07FE6009298AB /* DataViewModel.swift in Sources */,
				13344EA52CA0AB0F009298AB /* SigleWeatherApiDTO.swift in Sources */,
				13344EA12CA08EF4009298AB /* GlobalConstants.swift in Sources */,
				13344EA32CA0AA88009298AB /* SingleApiResponse.swift in Sources */,
				1311236B2C8D4B9E0081362D /* todotutorialApp.swift in Sources */,
			);
			runOnlyForDeploymentPostprocessing = 0;
		};
		131123752C8D4BA00081362D /* Sources */ = {
			isa = PBXSourcesBuildPhase;
			buildActionMask = 2147483647;
			files = (
				1311237E2C8D4BA00081362D /* todotutorialTests.swift in Sources */,
			);
			runOnlyForDeploymentPostprocessing = 0;
		};
		1311237F2C8D4BA00081362D /* Sources */ = {
			isa = PBXSourcesBuildPhase;
			buildActionMask = 2147483647;
			files = (
				1311238A2C8D4BA00081362D /* todotutorialUITestsLaunchTests.swift in Sources */,
				131123882C8D4BA00081362D /* todotutorialUITests.swift in Sources */,
			);
			runOnlyForDeploymentPostprocessing = 0;
		};
/* End PBXSourcesBuildPhase section */

/* Begin PBXTargetDependency section */
		1311237B2C8D4BA00081362D /* PBXTargetDependency */ = {
			isa = PBXTargetDependency;
			target = 131123662C8D4B9E0081362D /* todotutorial */;
			targetProxy = 1311237A2C8D4BA00081362D /* PBXContainerItemProxy */;
		};
		131123852C8D4BA00081362D /* PBXTargetDependency */ = {
			isa = PBXTargetDependency;
			target = 131123662C8D4B9E0081362D /* todotutorial */;
			targetProxy = 131123842C8D4BA00081362D /* PBXContainerItemProxy */;
		};
/* End PBXTargetDependency section */

/* Begin XCBuildConfiguration section */
		1311238B2C8D4BA00081362D /* Debug */ = {
			isa = XCBuildConfiguration;
			buildSettings = {
				ALWAYS_SEARCH_USER_PATHS = NO;
				ASSETCATALOG_COMPILER_GENERATE_SWIFT_ASSET_SYMBOL_EXTENSIONS = YES;
				CLANG_ANALYZER_NONNULL = YES;
				CLANG_ANALYZER_NUMBER_OBJECT_CONVERSION = YES_AGGRESSIVE;
				CLANG_CXX_LANGUAGE_STANDARD = "gnu++20";
				CLANG_ENABLE_MODULES = YES;
				CLANG_ENABLE_OBJC_ARC = YES;
				CLANG_ENABLE_OBJC_WEAK = YES;
				CLANG_WARN_BLOCK_CAPTURE_AUTORELEASING = YES;
				CLANG_WARN_BOOL_CONVERSION = YES;
				CLANG_WARN_COMMA = YES;
				CLANG_WARN_CONSTANT_CONVERSION = YES;
				CLANG_WARN_DEPRECATED_OBJC_IMPLEMENTATIONS = YES;
				CLANG_WARN_DIRECT_OBJC_ISA_USAGE = YES_ERROR;
				CLANG_WARN_DOCUMENTATION_COMMENTS = YES;
				CLANG_WARN_EMPTY_BODY = YES;
				CLANG_WARN_ENUM_CONVERSION = YES;
				CLANG_WARN_INFINITE_RECURSION = YES;
				CLANG_WARN_INT_CONVERSION = YES;
				CLANG_WARN_NON_LITERAL_NULL_CONVERSION = YES;
				CLANG_WARN_OBJC_IMPLICIT_RETAIN_SELF = YES;
				CLANG_WARN_OBJC_LITERAL_CONVERSION = YES;
				CLANG_WARN_OBJC_ROOT_CLASS = YES_ERROR;
				CLANG_WARN_QUOTED_INCLUDE_IN_FRAMEWORK_HEADER = YES;
				CLANG_WARN_RANGE_LOOP_ANALYSIS = YES;
				CLANG_WARN_STRICT_PROTOTYPES = YES;
				CLANG_WARN_SUSPICIOUS_MOVE = YES;
				CLANG_WARN_UNGUARDED_AVAILABILITY = YES_AGGRESSIVE;
				CLANG_WARN_UNREACHABLE_CODE = YES;
				CLANG_WARN__DUPLICATE_METHOD_MATCH = YES;
				COPY_PHASE_STRIP = NO;
				DEBUG_INFORMATION_FORMAT = dwarf;
				ENABLE_STRICT_OBJC_MSGSEND = YES;
				ENABLE_TESTABILITY = YES;
				ENABLE_USER_SCRIPT_SANDBOXING = YES;
				GCC_C_LANGUAGE_STANDARD = gnu17;
				GCC_DYNAMIC_NO_PIC = NO;
				GCC_NO_COMMON_BLOCKS = YES;
				GCC_OPTIMIZATION_LEVEL = 0;
				GCC_PREPROCESSOR_DEFINITIONS = (
					"DEBUG=1",
					"$(inherited)",
				);
				GCC_WARN_64_TO_32_BIT_CONVERSION = YES;
				GCC_WARN_ABOUT_RETURN_TYPE = YES_ERROR;
				GCC_WARN_UNDECLARED_SELECTOR = YES;
				GCC_WARN_UNINITIALIZED_AUTOS = YES_AGGRESSIVE;
				GCC_WARN_UNUSED_FUNCTION = YES;
				GCC_WARN_UNUSED_VARIABLE = YES;
				IPHONEOS_DEPLOYMENT_TARGET = 17.0;
				LOCALIZATION_PREFERS_STRING_CATALOGS = YES;
				MTL_ENABLE_DEBUG_INFO = INCLUDE_SOURCE;
				MTL_FAST_MATH = YES;
				ONLY_ACTIVE_ARCH = YES;
				SDKROOT = iphoneos;
				SWIFT_ACTIVE_COMPILATION_CONDITIONS = "DEBUG $(inherited)";
				SWIFT_OPTIMIZATION_LEVEL = "-Onone";
			};
			name = Debug;
		};
		1311238C2C8D4BA00081362D /* Release */ = {
			isa = XCBuildConfiguration;
			buildSettings = {
				ALWAYS_SEARCH_USER_PATHS = NO;
				ASSETCATALOG_COMPILER_GENERATE_SWIFT_ASSET_SYMBOL_EXTENSIONS = YES;
				CLANG_ANALYZER_NONNULL = YES;
				CLANG_ANALYZER_NUMBER_OBJECT_CONVERSION = YES_AGGRESSIVE;
				CLANG_CXX_LANGUAGE_STANDARD = "gnu++20";
				CLANG_ENABLE_MODULES = YES;
				CLANG_ENABLE_OBJC_ARC = YES;
				CLANG_ENABLE_OBJC_WEAK = YES;
				CLANG_WARN_BLOCK_CAPTURE_AUTORELEASING = YES;
				CLANG_WARN_BOOL_CONVERSION = YES;
				CLANG_WARN_COMMA = YES;
				CLANG_WARN_CONSTANT_CONVERSION = YES;
				CLANG_WARN_DEPRECATED_OBJC_IMPLEMENTATIONS = YES;
				CLANG_WARN_DIRECT_OBJC_ISA_USAGE = YES_ERROR;
				CLANG_WARN_DOCUMENTATION_COMMENTS = YES;
				CLANG_WARN_EMPTY_BODY = YES;
				CLANG_WARN_ENUM_CONVERSION = YES;
				CLANG_WARN_INFINITE_RECURSION = YES;
				CLANG_WARN_INT_CONVERSION = YES;
				CLANG_WARN_NON_LITERAL_NULL_CONVERSION = YES;
				CLANG_WARN_OBJC_IMPLICIT_RETAIN_SELF = YES;
				CLANG_WARN_OBJC_LITERAL_CONVERSION = YES;
				CLANG_WARN_OBJC_ROOT_CLASS = YES_ERROR;
				CLANG_WARN_QUOTED_INCLUDE_IN_FRAMEWORK_HEADER = YES;
				CLANG_WARN_RANGE_LOOP_ANALYSIS = YES;
				CLANG_WARN_STRICT_PROTOTYPES = YES;
				CLANG_WARN_SUSPICIOUS_MOVE = YES;
				CLANG_WARN_UNGUARDED_AVAILABILITY = YES_AGGRESSIVE;
				CLANG_WARN_UNREACHABLE_CODE = YES;
				CLANG_WARN__DUPLICATE_METHOD_MATCH = YES;
				COPY_PHASE_STRIP = NO;
				DEBUG_INFORMATION_FORMAT = "dwarf-with-dsym";
				ENABLE_NS_ASSERTIONS = NO;
				ENABLE_STRICT_OBJC_MSGSEND = YES;
				ENABLE_USER_SCRIPT_SANDBOXING = YES;
				GCC_C_LANGUAGE_STANDARD = gnu17;
				GCC_NO_COMMON_BLOCKS = YES;
				GCC_WARN_64_TO_32_BIT_CONVERSION = YES;
				GCC_WARN_ABOUT_RETURN_TYPE = YES_ERROR;
				GCC_WARN_UNDECLARED_SELECTOR = YES;
				GCC_WARN_UNINITIALIZED_AUTOS = YES_AGGRESSIVE;
				GCC_WARN_UNUSED_FUNCTION = YES;
				GCC_WARN_UNUSED_VARIABLE = YES;
				IPHONEOS_DEPLOYMENT_TARGET = 17.0;
				LOCALIZATION_PREFERS_STRING_CATALOGS = YES;
				MTL_ENABLE_DEBUG_INFO = NO;
				MTL_FAST_MATH = YES;
				SDKROOT = iphoneos;
				SWIFT_COMPILATION_MODE = wholemodule;
				VALIDATE_PRODUCT = YES;
			};
			name = Release;
		};
		1311238E2C8D4BA00081362D /* Debug */ = {
			isa = XCBuildConfiguration;
			buildSettings = {
				ASSETCATALOG_COMPILER_APPICON_NAME = AppIcon;
				ASSETCATALOG_COMPILER_GLOBAL_ACCENT_COLOR_NAME = AccentColor;
				CODE_SIGN_IDENTITY = "Apple Development";
				CODE_SIGN_STYLE = Automatic;
				CURRENT_PROJECT_VERSION = 1;
				DEVELOPMENT_ASSET_PATHS = "\"todotutorial/Preview Content\"";
				DEVELOPMENT_TEAM = 5PQA28ZZ6P;
				ENABLE_PREVIEWS = YES;
				GENERATE_INFOPLIST_FILE = YES;
				INFOPLIST_KEY_CFBundleDisplayName = "To Do List";
				INFOPLIST_KEY_UIApplicationSceneManifest_Generation = YES;
				INFOPLIST_KEY_UIApplicationSupportsIndirectInputEvents = YES;
				INFOPLIST_KEY_UILaunchScreen_Generation = YES;
				INFOPLIST_KEY_UISupportedInterfaceOrientations_iPad = "UIInterfaceOrientationPortrait UIInterfaceOrientationPortraitUpsideDown UIInterfaceOrientationLandscapeLeft UIInterfaceOrientationLandscapeRight";
				INFOPLIST_KEY_UISupportedInterfaceOrientations_iPhone = "UIInterfaceOrientationPortrait UIInterfaceOrientationLandscapeLeft UIInterfaceOrientationLandscapeRight";
				LD_RUNPATH_SEARCH_PATHS = (
					"$(inherited)",
					"@executable_path/Frameworks",
				);
				MARKETING_VERSION = 1.0;
				PRODUCT_BUNDLE_IDENTIFIER = c.todotutorial;
				PRODUCT_NAME = "$(TARGET_NAME)";
				PROVISIONING_PROFILE_SPECIFIER = "";
				SWIFT_EMIT_LOC_STRINGS = YES;
				SWIFT_VERSION = 5.0;
				TARGETED_DEVICE_FAMILY = "1,2";
			};
			name = Debug;
		};
		1311238F2C8D4BA00081362D /* Release */ = {
			isa = XCBuildConfiguration;
			buildSettings = {
				ASSETCATALOG_COMPILER_APPICON_NAME = AppIcon;
				ASSETCATALOG_COMPILER_GLOBAL_ACCENT_COLOR_NAME = AccentColor;
				CODE_SIGN_IDENTITY = "Apple Development";
				CODE_SIGN_STYLE = Automatic;
				CURRENT_PROJECT_VERSION = 1;
				DEVELOPMENT_ASSET_PATHS = "\"todotutorial/Preview Content\"";
				DEVELOPMENT_TEAM = 5PQA28ZZ6P;
				ENABLE_PREVIEWS = YES;
				GENERATE_INFOPLIST_FILE = YES;
				INFOPLIST_KEY_CFBundleDisplayName = "To Do List";
				INFOPLIST_KEY_UIApplicationSceneManifest_Generation = YES;
				INFOPLIST_KEY_UIApplicationSupportsIndirectInputEvents = YES;
				INFOPLIST_KEY_UILaunchScreen_Generation = YES;
				INFOPLIST_KEY_UISupportedInterfaceOrientations_iPad = "UIInterfaceOrientationPortrait UIInterfaceOrientationPortraitUpsideDown UIInterfaceOrientationLandscapeLeft UIInterfaceOrientationLandscapeRight";
				INFOPLIST_KEY_UISupportedInterfaceOrientations_iPhone = "UIInterfaceOrientationPortrait UIInterfaceOrientationLandscapeLeft UIInterfaceOrientationLandscapeRight";
				LD_RUNPATH_SEARCH_PATHS = (
					"$(inherited)",
					"@executable_path/Frameworks",
				);
				MARKETING_VERSION = 1.0;
				PRODUCT_BUNDLE_IDENTIFIER = c.todotutorial;
				PRODUCT_NAME = "$(TARGET_NAME)";
				PROVISIONING_PROFILE_SPECIFIER = "";
				SWIFT_EMIT_LOC_STRINGS = YES;
				SWIFT_VERSION = 5.0;
				TARGETED_DEVICE_FAMILY = "1,2";
			};
			name = Release;
		};
		131123912C8D4BA00081362D /* Debug */ = {
			isa = XCBuildConfiguration;
			buildSettings = {
				ALWAYS_EMBED_SWIFT_STANDARD_LIBRARIES = YES;
				BUNDLE_LOADER = "$(TEST_HOST)";
				CODE_SIGN_STYLE = Automatic;
				CURRENT_PROJECT_VERSION = 1;
				GENERATE_INFOPLIST_FILE = YES;
				IPHONEOS_DEPLOYMENT_TARGET = 17.0;
				MARKETING_VERSION = 1.0;
				PRODUCT_BUNDLE_IDENTIFIER = c.todotutorialTests;
				PRODUCT_NAME = "$(TARGET_NAME)";
				SWIFT_EMIT_LOC_STRINGS = NO;
				SWIFT_VERSION = 5.0;
				TARGETED_DEVICE_FAMILY = "1,2";
				TEST_HOST = "$(BUILT_PRODUCTS_DIR)/todotutorial.app/$(BUNDLE_EXECUTABLE_FOLDER_PATH)/todotutorial";
			};
			name = Debug;
		};
		131123922C8D4BA00081362D /* Release */ = {
			isa = XCBuildConfiguration;
			buildSettings = {
				ALWAYS_EMBED_SWIFT_STANDARD_LIBRARIES = YES;
				BUNDLE_LOADER = "$(TEST_HOST)";
				CODE_SIGN_STYLE = Automatic;
				CURRENT_PROJECT_VERSION = 1;
				GENERATE_INFOPLIST_FILE = YES;
				IPHONEOS_DEPLOYMENT_TARGET = 17.0;
				MARKETING_VERSION = 1.0;
				PRODUCT_BUNDLE_IDENTIFIER = c.todotutorialTests;
				PRODUCT_NAME = "$(TARGET_NAME)";
				SWIFT_EMIT_LOC_STRINGS = NO;
				SWIFT_VERSION = 5.0;
				TARGETED_DEVICE_FAMILY = "1,2";
				TEST_HOST = "$(BUILT_PRODUCTS_DIR)/todotutorial.app/$(BUNDLE_EXECUTABLE_FOLDER_PATH)/todotutorial";
			};
			name = Release;
		};
		131123942C8D4BA00081362D /* Debug */ = {
			isa = XCBuildConfiguration;
			buildSettings = {
				ALWAYS_EMBED_SWIFT_STANDARD_LIBRARIES = YES;
				CODE_SIGN_STYLE = Automatic;
				CURRENT_PROJECT_VERSION = 1;
				GENERATE_INFOPLIST_FILE = YES;
				MARKETING_VERSION = 1.0;
				PRODUCT_BUNDLE_IDENTIFIER = c.todotutorialUITests;
				PRODUCT_NAME = "$(TARGET_NAME)";
				SWIFT_EMIT_LOC_STRINGS = NO;
				SWIFT_VERSION = 5.0;
				TARGETED_DEVICE_FAMILY = "1,2";
				TEST_TARGET_NAME = todotutorial;
			};
			name = Debug;
		};
		131123952C8D4BA00081362D /* Release */ = {
			isa = XCBuildConfiguration;
			buildSettings = {
				ALWAYS_EMBED_SWIFT_STANDARD_LIBRARIES = YES;
				CODE_SIGN_STYLE = Automatic;
				CURRENT_PROJECT_VERSION = 1;
				GENERATE_INFOPLIST_FILE = YES;
				MARKETING_VERSION = 1.0;
				PRODUCT_BUNDLE_IDENTIFIER = c.todotutorialUITests;
				PRODUCT_NAME = "$(TARGET_NAME)";
				SWIFT_EMIT_LOC_STRINGS = NO;
				SWIFT_VERSION = 5.0;
				TARGETED_DEVICE_FAMILY = "1,2";
				TEST_TARGET_NAME = todotutorial;
			};
			name = Release;
		};
/* End XCBuildConfiguration section */

/* Begin XCConfigurationList section */
		131123622C8D4B9E0081362D /* Build configuration list for PBXProject "todotutorial" */ = {
			isa = XCConfigurationList;
			buildConfigurations = (
				1311238B2C8D4BA00081362D /* Debug */,
				1311238C2C8D4BA00081362D /* Release */,
			);
			defaultConfigurationIsVisible = 0;
			defaultConfigurationName = Release;
		};
		1311238D2C8D4BA00081362D /* Build configuration list for PBXNativeTarget "todotutorial" */ = {
			isa = XCConfigurationList;
			buildConfigurations = (
				1311238E2C8D4BA00081362D /* Debug */,
				1311238F2C8D4BA00081362D /* Release */,
			);
			defaultConfigurationIsVisible = 0;
			defaultConfigurationName = Release;
		};
		131123902C8D4BA00081362D /* Build configuration list for PBXNativeTarget "todotutorialTests" */ = {
			isa = XCConfigurationList;
			buildConfigurations = (
				131123912C8D4BA00081362D /* Debug */,
				131123922C8D4BA00081362D /* Release */,
			);
			defaultConfigurationIsVisible = 0;
			defaultConfigurationName = Release;
		};
		131123932C8D4BA00081362D /* Build configuration list for PBXNativeTarget "todotutorialUITests" */ = {
			isa = XCConfigurationList;
			buildConfigurations = (
				131123942C8D4BA00081362D /* Debug */,
				131123952C8D4BA00081362D /* Release */,
			);
			defaultConfigurationIsVisible = 0;
			defaultConfigurationName = Release;
		};
/* End XCConfigurationList section */

/* Begin XCRemoteSwiftPackageReference section */
		13C087C72C8D5A910086A7E7 /* XCRemoteSwiftPackageReference "firebase-ios-sdk" */ = {
			isa = XCRemoteSwiftPackageReference;
			repositoryURL = "https://github.com/firebase/firebase-ios-sdk";
			requirement = {
				kind = upToNextMajorVersion;
				minimumVersion = 11.1.0;
			};
		};
/* End XCRemoteSwiftPackageReference section */
	};
	rootObject = 1311235F2C8D4B9E0081362D /* Project object */;
}
